
Microsoft Visual Studio Solution File, Format Version 12.00
# Visual Studio 15
VisualStudioVersion = 15.0.26730.12
MinimumVisualStudioVersion = 10.0.40219.1
Project("{FAE04EC0-301F-11D3-BF4B-00C04F79EFBC}") = "Otaku Time", "Otaku Time\Otaku Time.csproj", "{0329D444-9047-42B0-A90D-E06ABFDE06F3}"
EndProject
Project("{FAE04EC0-301F-11D3-BF4B-00C04F79EFBC}") = "OtakuTimeTests", "OtakuTimeTests\OtakuTimeTests.csproj", "{05EEECFC-4C5C-42FD-85A0-6F6A138367EF}"
EndProject
Project("{FAE04EC0-301F-11D3-BF4B-00C04F79EFBC}") = "OtakuTimeLib", "OtakuTimeLib\OtakuTimeLib.csproj", "{AC485834-CFE9-4E4F-9BDE-DA2DAB10BBB4}"
EndProject
Global
	GlobalSection(SolutionConfigurationPlatforms) = preSolution
		Debug|Any CPU = Debug|Any CPU
		Debug|x64 = Debug|x64
		Debug|x86 = Debug|x86
		Release|Any CPU = Release|Any CPU
		Release|x64 = Release|x64
		Release|x86 = Release|x86
	EndGlobalSection
	GlobalSection(ProjectConfigurationPlatforms) = postSolution
		{0329D444-9047-42B0-A90D-E06ABFDE06F3}.Debug|Any CPU.ActiveCfg = Debug|Any CPU
		{0329D444-9047-42B0-A90D-E06ABFDE06F3}.Debug|Any CPU.Build.0 = Debug|Any CPU
		{0329D444-9047-42B0-A90D-E06ABFDE06F3}.Debug|x64.ActiveCfg = Debug|Any CPU
		{0329D444-9047-42B0-A90D-E06ABFDE06F3}.Debug|x64.Build.0 = Debug|Any CPU
		{0329D444-9047-42B0-A90D-E06ABFDE06F3}.Debug|x86.ActiveCfg = Debug|Any CPU
		{0329D444-9047-42B0-A90D-E06ABFDE06F3}.Debug|x86.Build.0 = Debug|Any CPU
		{0329D444-9047-42B0-A90D-E06ABFDE06F3}.Release|Any CPU.ActiveCfg = Debug|Any CPU
		{0329D444-9047-42B0-A90D-E06ABFDE06F3}.Release|Any CPU.Build.0 = Debug|Any CPU
		{0329D444-9047-42B0-A90D-E06ABFDE06F3}.Release|x64.ActiveCfg = Debug|Any CPU
		{0329D444-9047-42B0-A90D-E06ABFDE06F3}.Release|x64.Build.0 = Debug|Any CPU
		{0329D444-9047-42B0-A90D-E06ABFDE06F3}.Release|x86.ActiveCfg = Debug|x86
		{0329D444-9047-42B0-A90D-E06ABFDE06F3}.Release|x86.Build.0 = Debug|x86
		{05EEECFC-4C5C-42FD-85A0-6F6A138367EF}.Debug|Any CPU.ActiveCfg = Debug|Any CPU
		{05EEECFC-4C5C-42FD-85A0-6F6A138367EF}.Debug|Any CPU.Build.0 = Debug|Any CPU
		{05EEECFC-4C5C-42FD-85A0-6F6A138367EF}.Debug|x64.ActiveCfg = Debug|Any CPU
		{05EEECFC-4C5C-42FD-85A0-6F6A138367EF}.Debug|x64.Build.0 = Debug|Any CPU
		{05EEECFC-4C5C-42FD-85A0-6F6A138367EF}.Debug|x86.ActiveCfg = Debug|Any CPU
		{05EEECFC-4C5C-42FD-85A0-6F6A138367EF}.Debug|x86.Build.0 = Debug|Any CPU
		{05EEECFC-4C5C-42FD-85A0-6F6A138367EF}.Release|Any CPU.ActiveCfg = Release|Any CPU
		{05EEECFC-4C5C-42FD-85A0-6F6A138367EF}.Release|Any CPU.Build.0 = Release|Any CPU
		{05EEECFC-4C5C-42FD-85A0-6F6A138367EF}.Release|x64.ActiveCfg = Release|Any CPU
		{05EEECFC-4C5C-42FD-85A0-6F6A138367EF}.Release|x64.Build.0 = Release|Any CPU
		{05EEECFC-4C5C-42FD-85A0-6F6A138367EF}.Release|x86.ActiveCfg = Release|Any CPU
		{05EEECFC-4C5C-42FD-85A0-6F6A138367EF}.Release|x86.Build.0 = Release|Any CPU
		{AC485834-CFE9-4E4F-9BDE-DA2DAB10BBB4}.Debug|Any CPU.ActiveCfg = Debug|Any CPU
		{AC485834-CFE9-4E4F-9BDE-DA2DAB10BBB4}.Debug|Any CPU.Build.0 = Debug|Any CPU
		{AC485834-CFE9-4E4F-9BDE-DA2DAB10BBB4}.Debug|x64.ActiveCfg = Debug|Any CPU
		{AC485834-CFE9-4E4F-9BDE-DA2DAB10BBB4}.Debug|x64.Build.0 = Debug|Any CPU
		{AC485834-CFE9-4E4F-9BDE-DA2DAB10BBB4}.Debug|x86.ActiveCfg = Debug|Any CPU
		{AC485834-CFE9-4E4F-9BDE-DA2DAB10BBB4}.Debug|x86.Build.0 = Debug|Any CPU
		{AC485834-CFE9-4E4F-9BDE-DA2DAB10BBB4}.Release|Any CPU.ActiveCfg = Release|Any CPU
		{AC485834-CFE9-4E4F-9BDE-DA2DAB10BBB4}.Release|Any CPU.Build.0 = Release|Any CPU
		{AC485834-CFE9-4E4F-9BDE-DA2DAB10BBB4}.Release|x64.ActiveCfg = Release|Any CPU
		{AC485834-CFE9-4E4F-9BDE-DA2DAB10BBB4}.Release|x64.Build.0 = Release|Any CPU
		{AC485834-CFE9-4E4F-9BDE-DA2DAB10BBB4}.Release|x86.ActiveCfg = Release|Any CPU
		{AC485834-CFE9-4E4F-9BDE-DA2DAB10BBB4}.Release|x86.Build.0 = Release|Any CPU
	EndGlobalSection
	GlobalSection(SolutionProperties) = preSolution
		HideSolutionNode = FALSE
	EndGlobalSection
	GlobalSection(ExtensibilityGlobals) = postSolution
		SolutionGuid = {276A38C1-F692-48F5-999C-594FEBEFF401}
	EndGlobalSection
EndGlobal
