
Microsoft Visual Studio Solution File, Format Version 12.00
# Visual Studio 14
VisualStudioVersion = 14.0.24720.0
MinimumVisualStudioVersion = 10.0.40219.1
Project("{FAE04EC0-301F-11D3-BF4B-00C04F79EFBC}") = "Otaku Time", "Otaku Time\Otaku Time.csproj", "{0329D444-9047-42B0-A90D-E06ABFDE06F3}"
EndProject
Global
	GlobalSection(SolutionConfigurationPlatforms) = preSolution
		Debug|Any CPU = Debug|Any CPU
		Debug|x86 = Debug|x86
		Release|Any CPU = Release|Any CPU
		Release|x86 = Release|x86
	EndGlobalSection
	GlobalSection(ProjectConfigurationPlatforms) = postSolution
		{0329D444-9047-42B0-A90D-E06ABFDE06F3}.Debug|Any CPU.ActiveCfg = Debug|Any CPU
		{0329D444-9047-42B0-A90D-E06ABFDE06F3}.Debug|Any CPU.Build.0 = Debug|Any CPU
		{0329D444-9047-42B0-A90D-E06ABFDE06F3}.Debug|x86.ActiveCfg = Debug|Any CPU
		{0329D444-9047-42B0-A90D-E06ABFDE06F3}.Debug|x86.Build.0 = Debug|Any CPU
		{0329D444-9047-42B0-A90D-E06ABFDE06F3}.Release|Any CPU.ActiveCfg = Debug|Any CPU
		{0329D444-9047-42B0-A90D-E06ABFDE06F3}.Release|Any CPU.Build.0 = Debug|Any CPU
		{0329D444-9047-42B0-A90D-E06ABFDE06F3}.Release|x86.ActiveCfg = Debug|x86
		{0329D444-9047-42B0-A90D-E06ABFDE06F3}.Release|x86.Build.0 = Debug|x86
	EndGlobalSection
	GlobalSection(SolutionProperties) = preSolution
		HideSolutionNode = FALSE
	EndGlobalSection
EndGlobal
